
Microsoft Visual Studio Solution File, Format Version 12.00
# Visual Studio Version 17
VisualStudioVersion = 17.3.32714.290
MinimumVisualStudioVersion = 10.0.40219.1
Project("{2150E333-8FDC-42A3-9474-1A3956D46DE8}") = "Solution Items", "Solution Items", "{682454A0-A63D-4401-A4A6-C5F1EA5B1664}"
	ProjectSection(SolutionItems) = preProject
		.gitignore = .gitignore
		LICENSE = LICENSE
		README.md = README.md
	EndProjectSection
EndProject
Project("{FAE04EC0-301F-11D3-BF4B-00C04F79EFBC}") = "Better-Water-Management", "VisualStudio\Better-Water-Management.csproj", "{CA7965C2-D9E8-412A-A046-F9EAAB676F47}"
EndProject
Global
	GlobalSection(SolutionConfigurationPlatforms) = preSolution
		Debug|Any CPU = Debug|Any CPU
		Release|Any CPU = Release|Any CPU
	EndGlobalSection
	GlobalSection(ProjectConfigurationPlatforms) = postSolution
		{CA7965C2-D9E8-412A-A046-F9EAAB676F47}.Debug|Any CPU.ActiveCfg = Debug|Any CPU
		{CA7965C2-D9E8-412A-A046-F9EAAB676F47}.Debug|Any CPU.Build.0 = Debug|Any CPU
		{CA7965C2-D9E8-412A-A046-F9EAAB676F47}.Release|Any CPU.ActiveCfg = Release|Any CPU
		{CA7965C2-D9E8-412A-A046-F9EAAB676F47}.Release|Any CPU.Build.0 = Release|Any CPU
	EndGlobalSection
	GlobalSection(SolutionProperties) = preSolution
		HideSolutionNode = FALSE
	EndGlobalSection
	GlobalSection(ExtensibilityGlobals) = postSolution
		SolutionGuid = {7CEA06AF-EE11-4F6B-A447-DCEFE617D22D}
	EndGlobalSection
EndGlobal
